
Microsoft Visual Studio Solution File, Format Version 12.00
# Visual Studio 2013
VisualStudioVersion = 12.0.21005.1
MinimumVisualStudioVersion = 10.0.40219.1
Project("{FAE04EC0-301F-11D3-BF4B-00C04F79EFBC}") = "CodeLensConflictIndicator.Library", "CodeLensConflictIndicator.Library\CodeLensConflictIndicator.Library.csproj", "{7B435C51-0EA2-4D29-9F18-8431E3F14AFA}"
EndProject
Project("{FAE04EC0-301F-11D3-BF4B-00C04F79EFBC}") = "CodeLensConflictIndicator.VS2012", "CodeLensConflictIndicator.VS2012\CodeLensConflictIndicator.VS2012.csproj", "{8BE2F627-52E1-4EE8-AA45-F18FE0F8B7BD}"
EndProject
Project("{2150E333-8FDC-42A3-9474-1A3956D46DE8}") = "Solution Items", "Solution Items", "{82AC1279-093B-401A-8C7D-E1A25749EE5F}"
EndProject
Project("{FAE04EC0-301F-11D3-BF4B-00C04F79EFBC}") = "CodeLensConflictIndicator.VS2013", "CodeLensConflictIndicator.VS2013\CodeLensConflictIndicator.VS2013.csproj", "{8E9C68AF-560B-4207-9DCF-AE902E98FC33}"
EndProject
Project("{FAE04EC0-301F-11D3-BF4B-00C04F79EFBC}") = "CodeLensConflictIndicatorSetup.VS2013", "CodeLensConflictIndicatorSetup.VS2013\CodeLensConflictIndicatorSetup.VS2013.csproj", "{D09961B5-8FDE-4C40-8E74-85CDC4210FE1}"
EndProject
Global
	GlobalSection(SubversionScc) = preSolution
		Svn-Managed = True
		Manager = AnkhSVN - Subversion Support for Visual Studio
	EndGlobalSection
	GlobalSection(SolutionConfigurationPlatforms) = preSolution
		Debug|Any CPU = Debug|Any CPU
		Release|Any CPU = Release|Any CPU
	EndGlobalSection
	GlobalSection(ProjectConfigurationPlatforms) = postSolution
		{7B435C51-0EA2-4D29-9F18-8431E3F14AFA}.Debug|Any CPU.ActiveCfg = Debug|Any CPU
		{7B435C51-0EA2-4D29-9F18-8431E3F14AFA}.Debug|Any CPU.Build.0 = Debug|Any CPU
		{7B435C51-0EA2-4D29-9F18-8431E3F14AFA}.Release|Any CPU.ActiveCfg = Release|Any CPU
		{7B435C51-0EA2-4D29-9F18-8431E3F14AFA}.Release|Any CPU.Build.0 = Release|Any CPU
		{8BE2F627-52E1-4EE8-AA45-F18FE0F8B7BD}.Debug|Any CPU.ActiveCfg = Debug|Any CPU
		{8BE2F627-52E1-4EE8-AA45-F18FE0F8B7BD}.Debug|Any CPU.Build.0 = Debug|Any CPU
		{8BE2F627-52E1-4EE8-AA45-F18FE0F8B7BD}.Release|Any CPU.ActiveCfg = Release|Any CPU
		{8BE2F627-52E1-4EE8-AA45-F18FE0F8B7BD}.Release|Any CPU.Build.0 = Release|Any CPU
		{8E9C68AF-560B-4207-9DCF-AE902E98FC33}.Debug|Any CPU.ActiveCfg = Debug|Any CPU
		{8E9C68AF-560B-4207-9DCF-AE902E98FC33}.Debug|Any CPU.Build.0 = Debug|Any CPU
		{8E9C68AF-560B-4207-9DCF-AE902E98FC33}.Release|Any CPU.ActiveCfg = Release|Any CPU
		{8E9C68AF-560B-4207-9DCF-AE902E98FC33}.Release|Any CPU.Build.0 = Release|Any CPU
		{D09961B5-8FDE-4C40-8E74-85CDC4210FE1}.Debug|Any CPU.ActiveCfg = Debug|Any CPU
		{D09961B5-8FDE-4C40-8E74-85CDC4210FE1}.Debug|Any CPU.Build.0 = Debug|Any CPU
		{D09961B5-8FDE-4C40-8E74-85CDC4210FE1}.Release|Any CPU.ActiveCfg = Release|Any CPU
		{D09961B5-8FDE-4C40-8E74-85CDC4210FE1}.Release|Any CPU.Build.0 = Release|Any CPU
	EndGlobalSection
	GlobalSection(SolutionProperties) = preSolution
		HideSolutionNode = FALSE
	EndGlobalSection
EndGlobal
